
Microsoft Visual Studio Solution File, Format Version 12.00
# Visual Studio Version 17
VisualStudioVersion = 17.6.33829.357
MinimumVisualStudioVersion = 10.0.40219.1
Project("{FAE04EC0-301F-11D3-BF4B-00C04F79EFBC}") = "Project_Management_System", "Project_Management_System\Project_Management_System.csproj", "{54ED0D53-87B5-4268-AFCC-1495904E25EE}"
EndProject
Global
	GlobalSection(SolutionConfigurationPlatforms) = preSolution
		Debug|Any CPU = Debug|Any CPU
		Release|Any CPU = Release|Any CPU
	EndGlobalSection
	GlobalSection(ProjectConfigurationPlatforms) = postSolution
		{54ED0D53-87B5-4268-AFCC-1495904E25EE}.Debug|Any CPU.ActiveCfg = Debug|Any CPU
		{54ED0D53-87B5-4268-AFCC-1495904E25EE}.Debug|Any CPU.Build.0 = Debug|Any CPU
		{54ED0D53-87B5-4268-AFCC-1495904E25EE}.Release|Any CPU.ActiveCfg = Release|Any CPU
		{54ED0D53-87B5-4268-AFCC-1495904E25EE}.Release|Any CPU.Build.0 = Release|Any CPU
	EndGlobalSection
	GlobalSection(SolutionProperties) = preSolution
		HideSolutionNode = FALSE
	EndGlobalSection
	GlobalSection(ExtensibilityGlobals) = postSolution
		SolutionGuid = {6E584422-4B58-4459-A469-59860F5D27A4}
	EndGlobalSection
EndGlobal
